Microsoft Visual Studio Solution File, Format Version 11.00
# Visual Studio 2008

Project("{C8040C3A-04A0-9F45-0D00-F8CC3B4C3456}") = "Infil-Trainer", "Assembly-CSharp.csproj", "{3289E104-C0F6-D9F8-6BD5-9D73770129C5}"
EndProject
Global
	GlobalSection(SolutionConfigurationPlatforms) = preSolution
		Debug|Any CPU = Debug|Any CPU
		Release|Any CPU = Release|Any CPU
	EndGlobalSection
	GlobalSection(ProjectConfigurationPlatforms) = postSolution
		{3289E104-C0F6-D9F8-6BD5-9D73770129C5}.Debug|Any CPU.ActiveCfg = Debug|Any CPU
		{3289E104-C0F6-D9F8-6BD5-9D73770129C5}.Debug|Any CPU.Build.0 = Debug|Any CPU
		{3289E104-C0F6-D9F8-6BD5-9D73770129C5}.Release|Any CPU.ActiveCfg = Release|Any CPU
		{3289E104-C0F6-D9F8-6BD5-9D73770129C5}.Release|Any CPU.Build.0 = Release|Any CPU
	EndGlobalSection
	GlobalSection(SolutionProperties) = preSolution
		HideSolutionNode = FALSE
	EndGlobalSection
	GlobalSection(MonoDevelopProperties) = preSolution
		StartupItem = Assembly-CSharp.csproj
	EndGlobalSection
EndGlobal
